
Microsoft Visual Studio Solution File, Format Version 12.00
# Visual Studio Version 16
VisualStudioVersion = 16.0.29424.173
MinimumVisualStudioVersion = 10.0.40219.1
Project("{FAE04EC0-301F-11D3-BF4B-00C04F79EFBC}") = "AEGEE-MVC", "AEGEE-MVC.csproj", "{B950B395-FE29-4171-98F0-0824F204FE83}"
EndProject
Global
	GlobalSection(SolutionConfigurationPlatforms) = preSolution
		Debug|Any CPU = Debug|Any CPU
		Release|Any CPU = Release|Any CPU
	EndGlobalSection
	GlobalSection(ProjectConfigurationPlatforms) = postSolution
		{B950B395-FE29-4171-98F0-0824F204FE83}.Debug|Any CPU.ActiveCfg = Debug|Any CPU
		{B950B395-FE29-4171-98F0-0824F204FE83}.Debug|Any CPU.Build.0 = Debug|Any CPU
		{B950B395-FE29-4171-98F0-0824F204FE83}.Release|Any CPU.ActiveCfg = Release|Any CPU
		{B950B395-FE29-4171-98F0-0824F204FE83}.Release|Any CPU.Build.0 = Release|Any CPU
	EndGlobalSection
	GlobalSection(SolutionProperties) = preSolution
		HideSolutionNode = FALSE
	EndGlobalSection
	GlobalSection(ExtensibilityGlobals) = postSolution
		SolutionGuid = {A863926F-1CCE-4649-A8C2-790F5BAFF69F}
	EndGlobalSection
EndGlobal
